
Microsoft Visual Studio Solution File, Format Version 12.00
# Visual Studio 14
VisualStudioVersion = 14.0.24720.0
MinimumVisualStudioVersion = 10.0.40219.1
Project("{FAE04EC0-301F-11D3-BF4B-00C04F79EFBC}") = "LightRail.SampleServer", "LightRail.SampleServer\LightRail.SampleServer.csproj", "{7C77AFBD-FF65-40FE-A5FC-6EB098D06658}"
EndProject
Project("{FAE04EC0-301F-11D3-BF4B-00C04F79EFBC}") = "LightRail", "LightRail\LightRail.csproj", "{8139369D-513F-4928-95D9-7168DCCCC2A7}"
EndProject
Project("{2150E333-8FDC-42A3-9474-1A3956D46DE8}") = "Solution Items", "Solution Items", "{584BBB63-B3EB-4C2C-A7CD-69000D4A5AB2}"
	ProjectSection(SolutionItems) = preProject
		default.ps1 = default.ps1
		LICENSE = LICENSE
		readme.md = readme.md
	EndProjectSection
EndProject
Project("{2150E333-8FDC-42A3-9474-1A3956D46DE8}") = ".nuget", ".nuget", "{E4EBC416-B7D7-4832-93FB-C0E1F05D4D4F}"
	ProjectSection(SolutionItems) = preProject
		.nuget\NuGet.Config = .nuget\NuGet.Config
		.nuget\NuGet.exe = .nuget\NuGet.exe
		.nuget\NuGet.targets = .nuget\NuGet.targets
	EndProjectSection
EndProject
Project("{2150E333-8FDC-42A3-9474-1A3956D46DE8}") = "Samples", "Samples", "{BF71F21B-BA93-4825-9CD2-0465ABAD52FE}"
EndProject
Project("{FAE04EC0-301F-11D3-BF4B-00C04F79EFBC}") = "Samples.FullDuplex.Client", "Samples\Samples.FullDuplex.Client\Samples.FullDuplex.Client.csproj", "{844AB21A-62F6-4FE4-8C82-35DD22978AFB}"
EndProject
Project("{FAE04EC0-301F-11D3-BF4B-00C04F79EFBC}") = "Samples.FullDuplex.Server", "Samples\Samples.FullDuplex.Server\Samples.FullDuplex.Server.csproj", "{12A6752F-D35D-4F69-8069-246FA26ACFC1}"
EndProject
Project("{FAE04EC0-301F-11D3-BF4B-00C04F79EFBC}") = "Samples.FullDuplex.Shared", "Samples\Samples.FullDuplex.Shared\Samples.FullDuplex.Shared.csproj", "{50A30FAA-B3FA-4228-8702-785EF0FFEF23}"
EndProject
Project("{FAE04EC0-301F-11D3-BF4B-00C04F79EFBC}") = "LightRail.Client.log4net", "LightRail.Client.log4net\LightRail.Client.log4net.csproj", "{BE5D75E0-8612-47EC-BEE8-9541D1D613C6}"
EndProject
Project("{FAE04EC0-301F-11D3-BF4B-00C04F79EFBC}") = "LightRail.Client.StructureMap", "LightRail.Client.StructureMap\LightRail.Client.StructureMap.csproj", "{3083F3BF-525F-48BA-B6EA-F3C08ED7EB65}"
EndProject
Project("{FAE04EC0-301F-11D3-BF4B-00C04F79EFBC}") = "LightRail.Client.NLog", "LightRail.Client.NLog\LightRail.Client.NLog.csproj", "{6B8DC776-3FAB-46E6-BA16-0571DA491E53}"
EndProject
Project("{FAE04EC0-301F-11D3-BF4B-00C04F79EFBC}") = "LightRail.Client.Unity", "LightRail.Client.Unity\LightRail.Client.Unity.csproj", "{61B5D60F-DF4F-439B-9E29-039E916BCBE1}"
EndProject
Project("{FAE04EC0-301F-11D3-BF4B-00C04F79EFBC}") = "LightRail.Client.Core", "LightRail.Client.Core\LightRail.Client.Core.csproj", "{90AB6110-EE9C-4021-8458-F14545BB4C9C}"
EndProject
Project("{FAE04EC0-301F-11D3-BF4B-00C04F79EFBC}") = "Samples.AzureServiceBus", "Samples\Samples.AzureServiceBus\Samples.AzureServiceBus.csproj", "{78512FBA-5BCA-4EB6-8E0C-16197B5388AC}"
EndProject
Project("{FAE04EC0-301F-11D3-BF4B-00C04F79EFBC}") = "LightRail.Client.UnitTests", "LightRail.Client.UnitTests\LightRail.Client.UnitTests.csproj", "{C491F223-367B-443C-B5CB-C015DD8B91E7}"
EndProject
Project("{FAE04EC0-301F-11D3-BF4B-00C04F79EFBC}") = "Samples.Extensions", "Samples\Samples.Extensions\Samples.Extensions.csproj", "{C5D6BA95-24E1-4520-9ABE-9520126183A5}"
EndProject
Project("{FAE04EC0-301F-11D3-BF4B-00C04F79EFBC}") = "LightRail.Server", "LightRail.Server\LightRail.Server.csproj", "{F7555974-E163-4E4C-91AA-969638899A67}"
EndProject
Project("{FAE04EC0-301F-11D3-BF4B-00C04F79EFBC}") = "LightRail.Amqp", "LightRail.Amqp\LightRail.Amqp.csproj", "{79A2C462-B169-4F3A-9EAF-068803C7D7F0}"
EndProject
Project("{FAE04EC0-301F-11D3-BF4B-00C04F79EFBC}") = "LightRail.Amqp.UnitTests", "LightRail.Amqp.UnitTests\LightRail.Amqp.UnitTests.csproj", "{B79A33F4-BF5E-4DC0-8E83-B1815C1F634A}"
EndProject
Project("{FAE04EC0-301F-11D3-BF4B-00C04F79EFBC}") = "AmqpPerfTest", "AmqpPerfTest\AmqpPerfTest.csproj", "{24E0EEE4-8EF5-48C7-BD27-468E75EF50A2}"
EndProject
Global
	GlobalSection(SolutionConfigurationPlatforms) = preSolution
		Debug|Any CPU = Debug|Any CPU
		Release|Any CPU = Release|Any CPU
	EndGlobalSection
	GlobalSection(ProjectConfigurationPlatforms) = postSolution
		{7C77AFBD-FF65-40FE-A5FC-6EB098D06658}.Debug|Any CPU.ActiveCfg = Debug|Any CPU
		{7C77AFBD-FF65-40FE-A5FC-6EB098D06658}.Debug|Any CPU.Build.0 = Debug|Any CPU
		{7C77AFBD-FF65-40FE-A5FC-6EB098D06658}.Release|Any CPU.ActiveCfg = Release|Any CPU
		{7C77AFBD-FF65-40FE-A5FC-6EB098D06658}.Release|Any CPU.Build.0 = Release|Any CPU
		{8139369D-513F-4928-95D9-7168DCCCC2A7}.Debug|Any CPU.ActiveCfg = Debug|Any CPU
		{8139369D-513F-4928-95D9-7168DCCCC2A7}.Debug|Any CPU.Build.0 = Debug|Any CPU
		{8139369D-513F-4928-95D9-7168DCCCC2A7}.Release|Any CPU.ActiveCfg = Release|Any CPU
		{8139369D-513F-4928-95D9-7168DCCCC2A7}.Release|Any CPU.Build.0 = Release|Any CPU
		{844AB21A-62F6-4FE4-8C82-35DD22978AFB}.Debug|Any CPU.ActiveCfg = Debug|Any CPU
		{844AB21A-62F6-4FE4-8C82-35DD22978AFB}.Debug|Any CPU.Build.0 = Debug|Any CPU
		{844AB21A-62F6-4FE4-8C82-35DD22978AFB}.Release|Any CPU.ActiveCfg = Release|Any CPU
		{844AB21A-62F6-4FE4-8C82-35DD22978AFB}.Release|Any CPU.Build.0 = Release|Any CPU
		{12A6752F-D35D-4F69-8069-246FA26ACFC1}.Debug|Any CPU.ActiveCfg = Debug|Any CPU
		{12A6752F-D35D-4F69-8069-246FA26ACFC1}.Debug|Any CPU.Build.0 = Debug|Any CPU
		{12A6752F-D35D-4F69-8069-246FA26ACFC1}.Release|Any CPU.ActiveCfg = Release|Any CPU
		{12A6752F-D35D-4F69-8069-246FA26ACFC1}.Release|Any CPU.Build.0 = Release|Any CPU
		{50A30FAA-B3FA-4228-8702-785EF0FFEF23}.Debug|Any CPU.ActiveCfg = Debug|Any CPU
		{50A30FAA-B3FA-4228-8702-785EF0FFEF23}.Debug|Any CPU.Build.0 = Debug|Any CPU
		{50A30FAA-B3FA-4228-8702-785EF0FFEF23}.Release|Any CPU.ActiveCfg = Release|Any CPU
		{50A30FAA-B3FA-4228-8702-785EF0FFEF23}.Release|Any CPU.Build.0 = Release|Any CPU
		{BE5D75E0-8612-47EC-BEE8-9541D1D613C6}.Debug|Any CPU.ActiveCfg = Debug|Any CPU
		{BE5D75E0-8612-47EC-BEE8-9541D1D613C6}.Debug|Any CPU.Build.0 = Debug|Any CPU
		{BE5D75E0-8612-47EC-BEE8-9541D1D613C6}.Release|Any CPU.ActiveCfg = Release|Any CPU
		{BE5D75E0-8612-47EC-BEE8-9541D1D613C6}.Release|Any CPU.Build.0 = Release|Any CPU
		{3083F3BF-525F-48BA-B6EA-F3C08ED7EB65}.Debug|Any CPU.ActiveCfg = Debug|Any CPU
		{3083F3BF-525F-48BA-B6EA-F3C08ED7EB65}.Debug|Any CPU.Build.0 = Debug|Any CPU
		{3083F3BF-525F-48BA-B6EA-F3C08ED7EB65}.Release|Any CPU.ActiveCfg = Release|Any CPU
		{3083F3BF-525F-48BA-B6EA-F3C08ED7EB65}.Release|Any CPU.Build.0 = Release|Any CPU
		{6B8DC776-3FAB-46E6-BA16-0571DA491E53}.Debug|Any CPU.ActiveCfg = Debug|Any CPU
		{6B8DC776-3FAB-46E6-BA16-0571DA491E53}.Debug|Any CPU.Build.0 = Debug|Any CPU
		{6B8DC776-3FAB-46E6-BA16-0571DA491E53}.Release|Any CPU.ActiveCfg = Release|Any CPU
		{6B8DC776-3FAB-46E6-BA16-0571DA491E53}.Release|Any CPU.Build.0 = Release|Any CPU
		{61B5D60F-DF4F-439B-9E29-039E916BCBE1}.Debug|Any CPU.ActiveCfg = Debug|Any CPU
		{61B5D60F-DF4F-439B-9E29-039E916BCBE1}.Debug|Any CPU.Build.0 = Debug|Any CPU
		{61B5D60F-DF4F-439B-9E29-039E916BCBE1}.Release|Any CPU.ActiveCfg = Release|Any CPU
		{61B5D60F-DF4F-439B-9E29-039E916BCBE1}.Release|Any CPU.Build.0 = Release|Any CPU
		{90AB6110-EE9C-4021-8458-F14545BB4C9C}.Debug|Any CPU.ActiveCfg = Debug|Any CPU
		{90AB6110-EE9C-4021-8458-F14545BB4C9C}.Debug|Any CPU.Build.0 = Debug|Any CPU
		{90AB6110-EE9C-4021-8458-F14545BB4C9C}.Release|Any CPU.ActiveCfg = Release|Any CPU
		{90AB6110-EE9C-4021-8458-F14545BB4C9C}.Release|Any CPU.Build.0 = Release|Any CPU
		{78512FBA-5BCA-4EB6-8E0C-16197B5388AC}.Debug|Any CPU.ActiveCfg = Debug|Any CPU
		{78512FBA-5BCA-4EB6-8E0C-16197B5388AC}.Debug|Any CPU.Build.0 = Debug|Any CPU
		{78512FBA-5BCA-4EB6-8E0C-16197B5388AC}.Release|Any CPU.ActiveCfg = Release|Any CPU
		{78512FBA-5BCA-4EB6-8E0C-16197B5388AC}.Release|Any CPU.Build.0 = Release|Any CPU
		{C491F223-367B-443C-B5CB-C015DD8B91E7}.Debug|Any CPU.ActiveCfg = Debug|Any CPU
		{C491F223-367B-443C-B5CB-C015DD8B91E7}.Debug|Any CPU.Build.0 = Debug|Any CPU
		{C491F223-367B-443C-B5CB-C015DD8B91E7}.Release|Any CPU.ActiveCfg = Release|Any CPU
		{C491F223-367B-443C-B5CB-C015DD8B91E7}.Release|Any CPU.Build.0 = Release|Any CPU
		{C5D6BA95-24E1-4520-9ABE-9520126183A5}.Debug|Any CPU.ActiveCfg = Debug|Any CPU
		{C5D6BA95-24E1-4520-9ABE-9520126183A5}.Debug|Any CPU.Build.0 = Debug|Any CPU
		{C5D6BA95-24E1-4520-9ABE-9520126183A5}.Release|Any CPU.ActiveCfg = Release|Any CPU
		{C5D6BA95-24E1-4520-9ABE-9520126183A5}.Release|Any CPU.Build.0 = Release|Any CPU
		{F7555974-E163-4E4C-91AA-969638899A67}.Debug|Any CPU.ActiveCfg = Debug|Any CPU
		{F7555974-E163-4E4C-91AA-969638899A67}.Debug|Any CPU.Build.0 = Debug|Any CPU
		{F7555974-E163-4E4C-91AA-969638899A67}.Release|Any CPU.ActiveCfg = Release|Any CPU
		{F7555974-E163-4E4C-91AA-969638899A67}.Release|Any CPU.Build.0 = Release|Any CPU
		{79A2C462-B169-4F3A-9EAF-068803C7D7F0}.Debug|Any CPU.ActiveCfg = Debug|Any CPU
		{79A2C462-B169-4F3A-9EAF-068803C7D7F0}.Debug|Any CPU.Build.0 = Debug|Any CPU
		{79A2C462-B169-4F3A-9EAF-068803C7D7F0}.Release|Any CPU.ActiveCfg = Release|Any CPU
		{79A2C462-B169-4F3A-9EAF-068803C7D7F0}.Release|Any CPU.Build.0 = Release|Any CPU
		{B79A33F4-BF5E-4DC0-8E83-B1815C1F634A}.Debug|Any CPU.ActiveCfg = Debug|Any CPU
		{B79A33F4-BF5E-4DC0-8E83-B1815C1F634A}.Debug|Any CPU.Build.0 = Debug|Any CPU
		{B79A33F4-BF5E-4DC0-8E83-B1815C1F634A}.Release|Any CPU.ActiveCfg = Release|Any CPU
		{B79A33F4-BF5E-4DC0-8E83-B1815C1F634A}.Release|Any CPU.Build.0 = Release|Any CPU
		{24E0EEE4-8EF5-48C7-BD27-468E75EF50A2}.Debug|Any CPU.ActiveCfg = Debug|Any CPU
		{24E0EEE4-8EF5-48C7-BD27-468E75EF50A2}.Debug|Any CPU.Build.0 = Debug|Any CPU
		{24E0EEE4-8EF5-48C7-BD27-468E75EF50A2}.Release|Any CPU.ActiveCfg = Release|Any CPU
		{24E0EEE4-8EF5-48C7-BD27-468E75EF50A2}.Release|Any CPU.Build.0 = Release|Any CPU
	EndGlobalSection
	GlobalSection(SolutionProperties) = preSolution
		HideSolutionNode = FALSE
	EndGlobalSection
	GlobalSection(NestedProjects) = preSolution
		{7C77AFBD-FF65-40FE-A5FC-6EB098D06658} = {BF71F21B-BA93-4825-9CD2-0465ABAD52FE}
		{844AB21A-62F6-4FE4-8C82-35DD22978AFB} = {BF71F21B-BA93-4825-9CD2-0465ABAD52FE}
		{12A6752F-D35D-4F69-8069-246FA26ACFC1} = {BF71F21B-BA93-4825-9CD2-0465ABAD52FE}
		{50A30FAA-B3FA-4228-8702-785EF0FFEF23} = {BF71F21B-BA93-4825-9CD2-0465ABAD52FE}
		{78512FBA-5BCA-4EB6-8E0C-16197B5388AC} = {BF71F21B-BA93-4825-9CD2-0465ABAD52FE}
		{C5D6BA95-24E1-4520-9ABE-9520126183A5} = {BF71F21B-BA93-4825-9CD2-0465ABAD52FE}
	EndGlobalSection
EndGlobal
